// !$*UTF8*$!
{
	archiveVersion = 1;
	classes = {
	};
	objectVersion = 48;
	objects = {

/* Begin PBXBuildFile section */
		FEE7FB44204FCDD60017EB46 /* AppDelegate.m in Sources */ = {isa = PBXBuildFile; fileRef = FEE7FB43204FCDD60017EB46 /* AppDelegate.m */; };
		FEE7FB47204FCDD60017EB46 /* ViewController.m in Sources */ = {isa = PBXBuildFile; fileRef = FEE7FB46204FCDD60017EB46 /* ViewController.m */; };
		FEE7FB4A204FCDD60017EB46 /* Main.storyboard in Resources */ = {isa = PBXBuildFile; fileRef = FEE7FB48204FCDD60017EB46 /* Main.storyboard */; };
		FEE7FB4C204FCDD60017EB46 /* Assets.xcassets in Resources */ = {isa = PBXBuildFile; fileRef = FEE7FB4B204FCDD60017EB46 /* Assets.xcassets */; };
		FEE7FB4F204FCDD60017EB46 /* LaunchScreen.storyboard in Resources */ = {isa = PBXBuildFile; fileRef = FEE7FB4D204FCDD60017EB46 /* LaunchScreen.storyboard */; };
		FEE7FB52204FCDD60017EB46 /* main.m in Sources */ = {isa = PBXBuildFile; fileRef = FEE7FB51204FCDD60017EB46 /* main.m */; };
/* End PBXBuildFile section */

/* Begin PBXFileReference section */
		FEE7FB3F204FCDD60017EB46 /* 封装播放按钮动画.app */ = {isa = PBXFileReference; explicitFileType = wrapper.application; includeInIndex = 0; path = "封装播放按钮动画.app"; sourceTree = BUILT_PRODUCTS_DIR; };
		FEE7FB42204FCDD60017EB46 /* AppDelegate.h */ = {isa = PBXFileReference; lastKnownFileType = sourcecode.c.h; path = AppDelegate.h; sourceTree = "<group>"; };
		FEE7FB43204FCDD60017EB46 /* AppDelegate.m */ = {isa = PBXFileReference; lastKnownFileType = sourcecode.c.objc; path = AppDelegate.m; sourceTree = "<group>"; };
		FEE7FB45204FCDD60017EB46 /* ViewController.h */ = {isa = PBXFileReference; lastKnownFileType = sourcecode.c.h; path = ViewController.h; sourceTree = "<group>"; };
		FEE7FB46204FCDD60017EB46 /* ViewController.m */ = {isa = PBXFileReference; lastKnownFileType = sourcecode.c.objc; path = ViewController.m; sourceTree = "<group>"; };
		FEE7FB49204FCDD60017EB46 /* Base */ = {isa = PBXFileReference; lastKnownFileType = file.storyboard; name = Base; path = Base.lproj/Main.storyboard; sourceTree = "<group>"; };
		FEE7FB4B204FCDD60017EB46 /* Assets.xcassets */ = {isa = PBXFileReference; lastKnownFileType = folder.assetcatalog; path = Assets.xcassets; sourceTree = "<group>"; };
		FEE7FB4E204FCDD60017EB46 /* Base */ = {isa = PBXFileReference; lastKnownFileType = file.storyboard; name = Base; path = Base.lproj/LaunchScreen.storyboard; sourceTree = "<group>"; };
		FEE7FB50204FCDD60017EB46 /* Info.plist */ = {isa = PBXFileReference; lastKnownFileType = text.plist.xml; path = Info.plist; sourceTree = "<group>"; };
		FEE7FB51204FCDD60017EB46 /* main.m */ = {isa = PBXFileReference; lastKnownFileType = sourcecode.c.objc; path = main.m; sourceTree = "<group>"; };
/* End PBXFileReference section */

/* Begin PBXFrameworksBuildPhase section */
		FEE7FB3C204FCDD60017EB46 /* Frameworks */ = {
			isa = PBXFrameworksBuildPhase;
			buildActionMask = 2147483647;
			files = (
			);
			runOnlyForDeploymentPostprocessing = 0;
		};
/* End PBXFrameworksBuildPhase section */

/* Begin PBXGroup section */
		FEE7FB36204FCDD60017EB46 = {
			isa = PBXGroup;
			children = (
				FEE7FB41204FCDD60017EB46 /* 封装播放按钮动画 */,
				FEE7FB40204FCDD60017EB46 /* Products */,
			);
			sourceTree = "<group>";
		};
		FEE7FB40204FCDD60017EB46 /* Products */ = {
			isa = PBXGroup;
			children = (
				FEE7FB3F204FCDD60017EB46 /* 封装播放按钮动画.app */,
			);
			name = Products;
			sourceTree = "<group>";
		};
		FEE7FB41204FCDD60017EB46 /* 封装播放按钮动画 */ = {
			isa = PBXGroup;
			children = (
				FEE7FB42204FCDD60017EB46 /* AppDelegate.h */,
				FEE7FB43204FCDD60017EB46 /* AppDelegate.m */,
				FEE7FB45204FCDD60017EB46 /* ViewController.h */,
				FEE7FB46204FCDD60017EB46 /* ViewController.m */,
				FEE7FB48204FCDD60017EB46 /* Main.storyboard */,
				FEE7FB4B204FCDD60017EB46 /* Assets.xcassets */,
				FEE7FB4D204FCDD60017EB46 /* LaunchScreen.storyboard */,
				FEE7FB50204FCDD60017EB46 /* Info.plist */,
				FEE7FB51204FCDD60017EB46 /* main.m */,
			);
			path = "封装播放按钮动画";
			sourceTree = "<group>";
		};
/* End PBXGroup section */

/* Begin PBXNativeTarget section */
		FEE7FB3E204FCDD60017EB46 /* 封装播放按钮动画 */ = {
			isa = PBXNativeTarget;
			buildConfigurationList = FEE7FB55204FCDD60017EB46 /* Build configuration list for PBXNativeTarget "封装播放按钮动画" */;
			buildPhases = (
				FEE7FB3B204FCDD60017EB46 /* Sources */,
				FEE7FB3C204FCDD60017EB46 /* Frameworks */,
				FEE7FB3D204FCDD60017EB46 /* Resources */,
			);
			buildRules = (
			);
			dependencies = (
			);
			name = "封装播放按钮动画";
			productName = "封装播放按钮动画";
			productReference = FEE7FB3F204FCDD60017EB46 /* 封装播放按钮动画.app */;
			productType = "com.apple.product-type.application";
		};
/* End PBXNativeTarget section */

/* Begin PBXProject section */
		FEE7FB37204FCDD60017EB46 /* Project object */ = {
			isa = PBXProject;
			attributes = {
				LastUpgradeCheck = 0920;
				ORGANIZATIONNAME = M;
				TargetAttributes = {
					FEE7FB3E204FCDD60017EB46 = {
						CreatedOnToolsVersion = 9.2;
						ProvisioningStyle = Automatic;
					};
				};
			};
			buildConfigurationList = FEE7FB3A204FCDD60017EB46 /* Build configuration list for PBXProject "封装播放按钮动画" */;
			compatibilityVersion = "Xcode 8.0";
			developmentRegion = en;
			hasScannedForEncodings = 0;
			knownRegions = (
				en,
				Base,
			);
			mainGroup = FEE7FB36204FCDD60017EB46;
			productRefGroup = FEE7FB40204FCDD60017EB46 /* Products */;
			projectDirPath = "";
			projectRoot = "";
			targets = (
				FEE7FB3E204FCDD60017EB46 /* 封装播放按钮动画 */,
			);
		};
/* End PBXProject section */

/* Begin PBXResourcesBuildPhase section */
		FEE7FB3D204FCDD60017EB46 /* Resources */ = {
			isa = PBXResourcesBuildPhase;
			buildActionMask = 2147483647;
			files = (
				FEE7FB4F204FCDD60017EB46 /* LaunchScreen.storyboard in Resources */,
				FEE7FB4C204FCDD60017EB46 /* Assets.xcassets in Resources */,
				FEE7FB4A204FCDD60017EB46 /* Main.storyboard in Resources */,
			);
			runOnlyForDeploymentPostprocessing = 0;
		};
/* End PBXResourcesBuildPhase section */

/* Begin PBXSourcesBuildPhase section */
		FEE7FB3B204FCDD60017EB46 /* Sources */ = {
			isa = PBXSourcesBuildPhase;
			buildActionMask = 2147483647;
			files = (
				FEE7FB47204FCDD60017EB46 /* ViewController.m in Sources */,
				FEE7FB52204FCDD60017EB46 /* main.m in Sources */,
				FEE7FB44204FCDD60017EB46 /* AppDelegate.m in Sources */,
			);
			runOnlyForDeploymentPostprocessing = 0;
		};
/* End PBXSourcesBuildPhase section */

/* Begin PBXVariantGroup section */
		FEE7FB48204FCDD60017EB46 /* Main.storyboard */ = {
			isa = PBXVariantGroup;
			children = (
				FEE7FB49204FCDD60017EB46 /* Base */,
			);
			name = Main.storyboard;
			sourceTree = "<group>";
		};
		FEE7FB4D204FCDD60017EB46 /* LaunchScreen.storyboard */ = {
			isa = PBXVariantGroup;
			children = (
				FEE7FB4E204FCDD60017EB46 /* Base */,
			);
			name = LaunchScreen.storyboard;
			sourceTree = "<group>";
		};
/* End PBXVariantGroup section */

/* Begin XCBuildConfiguration section */
		FEE7FB53204FCDD60017EB46 /* Debug */ = {
			isa = XCBuildConfiguration;
			buildSettings = {
				ALWAYS_SEARCH_USER_PATHS = NO;
				CLANG_ANALYZER_NONNULL = YES;
				CLANG_ANALYZER_NUMBER_OBJECT_CONVERSION = YES_AGGRESSIVE;
				CLANG_CXX_LANGUAGE_STANDARD = "gnu++14";
				CLANG_CXX_LIBRARY = "libc++";
				CLANG_ENABLE_MODULES = YES;
				CLANG_ENABLE_OBJC_ARC = YES;
				CLANG_WARN_BLOCK_CAPTURE_AUTORELEASING = YES;
				CLANG_WARN_BOOL_CONVERSION = YES;
				CLANG_WARN_COMMA = YES;
				CLANG_WARN_CONSTANT_CONVERSION = YES;
				CLANG_WARN_DIRECT_OBJC_ISA_USAGE = YES_ERROR;
				CLANG_WARN_DOCUMENTATION_COMMENTS = YES;
				CLANG_WARN_EMPTY_BODY = YES;
				CLANG_WARN_ENUM_CONVERSION = YES;
				CLANG_WARN_INFINITE_RECURSION = YES;
				CLANG_WARN_INT_CONVERSION = YES;
				CLANG_WARN_NON_LITERAL_NULL_CONVERSION = YES;
				CLANG_WARN_OBJC_LITERAL_CONVERSION = YES;
				CLANG_WARN_OBJC_ROOT_CLASS = YES_ERROR;
				CLANG_WARN_RANGE_LOOP_ANALYSIS = YES;
				CLANG_WARN_STRICT_PROTOTYPES = YES;
				CLANG_WARN_SUSPICIOUS_MOVE = YES;
				CLANG_WARN_UNGUARDED_AVAILABILITY = YES_AGGRESSIVE;
				CLANG_WARN_UNREACHABLE_CODE = YES;
				CLANG_WARN__DUPLICATE_METHOD_MATCH = YES;
				CODE_SIGN_IDENTITY = "iPhone Developer";
				COPY_PHASE_STRIP = NO;
				DEBUG_INFORMATION_FORMAT = dwarf;
				ENABLE_STRICT_OBJC_MSGSEND = YES;
				ENABLE_TESTABILITY = YES;
				GCC_C_LANGUAGE_STANDARD = gnu11;
				GCC_DYNAMIC_NO_PIC = NO;
				GCC_NO_COMMON_BLOCKS = YES;
				GCC_OPTIMIZATION_LEVEL = 0;
				GCC_PREPROCESSOR_DEFINITIONS = (
					"DEBUG=1",
					"$(inherited)",
				);
				GCC_WARN_64_TO_32_BIT_CONVERSION = YES;
				GCC_WARN_ABOUT_RETURN_TYPE = YES_ERROR;
				GCC_WARN_UNDECLARED_SELECTOR = YES;
				GCC_WARN_UNINITIALIZED_AUTOS = YES_AGGRESSIVE;
				GCC_WARN_UNUSED_FUNCTION = YES;
				GCC_WARN_UNUSED_VARIABLE = YES;
				IPHONEOS_DEPLOYMENT_TARGET = 11.2;
				MTL_ENABLE_DEBUG_INFO = YES;
				ONLY_ACTIVE_ARCH = YES;
				SDKROOT = iphoneos;
			};
			name = Debug;
		};
		FEE7FB54204FCDD60017EB46 /* Release */ = {
			isa = XCBuildConfiguration;
			buildSettings = {
				ALWAYS_SEARCH_USER_PATHS = NO;
				CLANG_ANALYZER_NONNULL = YES;
				CLANG_ANALYZER_NUMBER_OBJECT_CONVERSION = YES_AGGRESSIVE;
				CLANG_CXX_LANGUAGE_STANDARD = "gnu++14";
				CLANG_CXX_LIBRARY = "libc++";
				CLANG_ENABLE_MODULES = YES;
				CLANG_ENABLE_OBJC_ARC = YES;
				CLANG_WARN_BLOCK_CAPTURE_AUTORELEASING = YES;
				CLANG_WARN_BOOL_CONVERSION = YES;
				CLANG_WARN_COMMA = YES;
				CLANG_WARN_CONSTANT_CONVERSION = YES;
				CLANG_WARN_DIRECT_OBJC_ISA_USAGE = YES_ERROR;
				CLANG_WARN_DOCUMENTATION_COMMENTS = YES;
				CLANG_WARN_EMPTY_BODY = YES;
				CLANG_WARN_ENUM_CONVERSION = YES;
				CLANG_WARN_INFINITE_RECURSION = YES;
				CLANG_WARN_INT_CONVERSION = YES;
				CLANG_WARN_NON_LITERAL_NULL_CONVERSION = YES;
				CLANG_WARN_OBJC_LITERAL_CONVERSION = YES;
				CLANG_WARN_OBJC_ROOT_CLASS = YES_ERROR;
				CLANG_WARN_RANGE_LOOP_ANALYSIS = YES;
				CLANG_WARN_STRICT_PROTOTYPES = YES;
				CLANG_WARN_SUSPICIOUS_MOVE = YES;
				CLANG_WARN_UNGUARDED_AVAILABILITY = YES_AGGRESSIVE;
				CLANG_WARN_UNREACHABLE_CODE = YES;
				CLANG_WARN__DUPLICATE_METHOD_MATCH = YES;
				CODE_SIGN_IDENTITY = "iPhone Developer";
				COPY_PHASE_STRIP = NO;
				DEBUG_INFORMATION_FORMAT = "dwarf-with-dsym";
				ENABLE_NS_ASSERTIONS = NO;
				ENABLE_STRICT_OBJC_MSGSEND = YES;
				GCC_C_LANGUAGE_STANDARD = gnu11;
				GCC_NO_COMMON_BLOCKS = YES;
				GCC_WARN_64_TO_32_BIT_CONVERSION = YES;
				GCC_WARN_ABOUT_RETURN_TYPE = YES_ERROR;
				GCC_WARN_UNDECLARED_SELECTOR = YES;
				GCC_WARN_UNINITIALIZED_AUTOS = YES_AGGRESSIVE;
				GCC_WARN_UNUSED_FUNCTION = YES;
				GCC_WARN_UNUSED_VARIABLE = YES;
				IPHONEOS_DEPLOYMENT_TARGET = 11.2;
				MTL_ENABLE_DEBUG_INFO = NO;
				SDKROOT = iphoneos;
				VALIDATE_PRODUCT = YES;
			};
			name = Release;
		};
		FEE7FB56204FCDD60017EB46 /* Debug */ = {
			isa = XCBuildConfiguration;
			buildSettings = {
				ASSETCATALOG_COMPILER_APPICON_NAME = AppIcon;
				CODE_SIGN_STYLE = Automatic;
				DEVELOPMENT_TEAM = QH97S56G79;
				INFOPLIST_FILE = "封装播放按钮动画/Info.plist";
				LD_RUNPATH_SEARCH_PATHS = "$(inherited) @executable_path/Frameworks";
				PRODUCT_BUNDLE_IDENTIFIER = "JY.--------";
				PRODUCT_NAME = "$(TARGET_NAME)";
				TARGETED_DEVICE_FAMILY = "1,2";
			};
			name = Debug;
		};
		FEE7FB57204FCDD60017EB46 /* Release */ = {
			isa = XCBuildConfiguration;
			buildSettings = {
				ASSETCATALOG_COMPILER_APPICON_NAME = AppIcon;
				CODE_SIGN_STYLE = Automatic;
				DEVELOPMENT_TEAM = QH97S56G79;
				INFOPLIST_FILE = "封装播放按钮动画/Info.plist";
				LD_RUNPATH_SEARCH_PATHS = "$(inherited) @executable_path/Frameworks";
				PRODUCT_BUNDLE_IDENTIFIER = "JY.--------";
				PRODUCT_NAME = "$(TARGET_NAME)";
				TARGETED_DEVICE_FAMILY = "1,2";
			};
			name = Release;
		};
/* End XCBuildConfiguration section */

/* Begin XCConfigurationList section */
		FEE7FB3A204FCDD60017EB46 /* Build configuration list for PBXProject "封装播放按钮动画" */ = {
			isa = XCConfigurationList;
			buildConfigurations = (
				FEE7FB53204FCDD60017EB46 /* Debug */,
				FEE7FB54204FCDD60017EB46 /* Release */,
			);
			defaultConfigurationIsVisible = 0;
			defaultConfigurationName = Release;
		};
		FEE7FB55204FCDD60017EB46 /* Build configuration list for PBXNativeTarget "封装播放按钮动画" */ = {
			isa = XCConfigurationList;
			buildConfigurations = (
				FEE7FB56204FCDD60017EB46 /* Debug */,
				FEE7FB57204FCDD60017EB46 /* Release */,
			);
			defaultConfigurationIsVisible = 0;
			defaultConfigurationName = Release;
		};
/* End XCConfigurationList section */
	};
	rootObject = FEE7FB37204FCDD60017EB46 /* Project object */;
}
